
Microsoft Visual Studio Solution File, Format Version 12.00
# Visual Studio Version 17
VisualStudioVersion = 17.4.33205.214
MinimumVisualStudioVersion = 10.0.40219.1
Project("{9A19103F-16F7-4668-BE54-9A1E7A4F7556}") = "0_Framework", "0_Framework\0_Framework.csproj", "{AB72DEF3-B594-472E-BEDF-F5357957A44A}"
EndProject
Project("{2150E333-8FDC-42A3-9474-1A3956D46DE8}") = "DiscountManagement", "DiscountManagement", "{0F95B080-B3AC-45DD-86EE-144BE7565350}"
EndProject
Project("{2150E333-8FDC-42A3-9474-1A3956D46DE8}") = "DM.Domain", "DM.Domain", "{DB52238A-30A6-4809-9462-1E52B97DED44}"
EndProject
Project("{9A19103F-16F7-4668-BE54-9A1E7A4F7556}") = "DiscountManagement.Domain", "DiscountManagement.Domain\DiscountManagement.Domain.csproj", "{99C713D7-7C43-497A-B0FA-B56FAA1388F4}"
EndProject
Project("{2150E333-8FDC-42A3-9474-1A3956D46DE8}") = "DM.Application", "DM.Application", "{0EDDE1DD-FF5E-4AF7-A932-A80DC2CEE854}"
EndProject
Project("{9A19103F-16F7-4668-BE54-9A1E7A4F7556}") = "DiscountManagement.Application.Contract", "DiscountManagement.Application.Contract\DiscountManagement.Application.Contract.csproj", "{4E5BD78B-9C26-48BB-A025-D2557FC4BB3E}"
EndProject
Project("{9A19103F-16F7-4668-BE54-9A1E7A4F7556}") = "DiscountManagement.Application", "DiscountManagement.Application\DiscountManagement.Application.csproj", "{B1243114-29AA-40CC-9204-6A6294F76FEF}"
EndProject
Project("{2150E333-8FDC-42A3-9474-1A3956D46DE8}") = "DM.Infrastructure", "DM.Infrastructure", "{AF9553AB-5BCD-49AB-8431-AF7941312BEF}"
EndProject
Project("{9A19103F-16F7-4668-BE54-9A1E7A4F7556}") = "DiscountManagement.Infrastructure.EFCore", "DiscountManagement.Infrastructure.EFCore\DiscountManagement.Infrastructure.EFCore.csproj", "{619E0EDC-B2B4-49B9-AE81-C3932239BA1B}"
EndProject
Project("{9A19103F-16F7-4668-BE54-9A1E7A4F7556}") = "DiscountManagement.Configuration", "DiscountManagement.Configuration\DiscountManagement.Configuration.csproj", "{B8FF92FC-0E35-4CE4-86CB-29F2D5A22DB1}"
EndProject
Project("{2150E333-8FDC-42A3-9474-1A3956D46DE8}") = "CommentManagement", "CommentManagement", "{386FA062-9C0A-461F-84C1-3E05A1D19F92}"
EndProject
Project("{2150E333-8FDC-42A3-9474-1A3956D46DE8}") = "CM.Domain", "CM.Domain", "{AC467D1F-7C07-4713-A692-2DF0EEE4EBD3}"
EndProject
Project("{9A19103F-16F7-4668-BE54-9A1E7A4F7556}") = "CommentManagement.Domain", "CommentManagement.Domain\CommentManagement.Domain.csproj", "{EC4548BB-3859-4776-AC3E-8980B8698AFB}"
EndProject
Project("{2150E333-8FDC-42A3-9474-1A3956D46DE8}") = "CM.Application", "CM.Application", "{1DE90B1A-D938-4FC6-81D1-F80BC9D3347D}"
EndProject
Project("{9A19103F-16F7-4668-BE54-9A1E7A4F7556}") = "CommentManagement.Application.Contracts", "CommentManagement.Application.Contracts\CommentManagement.Application.Contracts.csproj", "{9243BBAD-D9B8-4DCD-A67E-4689FF019E65}"
EndProject
Project("{9A19103F-16F7-4668-BE54-9A1E7A4F7556}") = "CommentManagement.Application", "CommentManagement.Application\CommentManagement.Application.csproj", "{4965B3D6-1158-4168-8BF9-70601F005E92}"
EndProject
Project("{2150E333-8FDC-42A3-9474-1A3956D46DE8}") = "CM.Infrastructure", "CM.Infrastructure", "{E1510A7A-0380-49D2-9274-1B766386E61D}"
EndProject
Project("{9A19103F-16F7-4668-BE54-9A1E7A4F7556}") = "CommnetManagement.Infrastructure.EFCore", "CommnetManagement.Infrastructure.EFCore\CommnetManagement.Infrastructure.EFCore.csproj", "{4D1053DF-2099-4E88-9BBA-585F64448D81}"
EndProject
Project("{9A19103F-16F7-4668-BE54-9A1E7A4F7556}") = "CommentManagement.Infrastructure.Configuration", "CommentManagement.Infrastructure.Configuration\CommentManagement.Infrastructure.Configuration.csproj", "{8B4C2228-8B3C-4859-83EB-26C01275EE1A}"
EndProject
Project("{2150E333-8FDC-42A3-9474-1A3956D46DE8}") = "FS.Identity", "FS.Identity", "{2B0BC648-CEF7-4081-873C-70D36A1F91B1}"
EndProject
Project("{9A19103F-16F7-4668-BE54-9A1E7A4F7556}") = "User.Domain", "FS.Identity\Identity.User\User.Domain\User.Domain.csproj", "{061CB724-F2E1-4E16-BE3E-2A30D98DC49D}"
EndProject
Project("{2150E333-8FDC-42A3-9474-1A3956D46DE8}") = "Identity.User", "Identity.User", "{72C6DB77-BDFA-4BCD-9F03-64C4E55E974F}"
EndProject
Project("{9A19103F-16F7-4668-BE54-9A1E7A4F7556}") = "Identity.Infrastructure", "FS.Identity\Identity.Infrastructure\Identity.Infrastructure.csproj", "{9CBEDCD6-DCF4-470C-89FA-18BB90AB30DB}"
EndProject
Project("{9A19103F-16F7-4668-BE54-9A1E7A4F7556}") = "User.Application", "FS.Identity\Identity.User\User.Application\User.Application.csproj", "{F221BAFC-74C9-449E-91C6-0DB5DAE1D71D}"
EndProject
Project("{2150E333-8FDC-42A3-9474-1A3956D46DE8}") = "Identity.Role", "Identity.Role", "{6F484305-C867-4D2E-9FEE-7D3636341C83}"
EndProject
Project("{9A19103F-16F7-4668-BE54-9A1E7A4F7556}") = "Role.Domain", "FS.Identity\Identity.Role\Role.Domain\Role.Domain.csproj", "{DB81397D-B457-4794-9290-8DD66E7A6F52}"
EndProject
Project("{9A19103F-16F7-4668-BE54-9A1E7A4F7556}") = "Role.Application", "FS.Identity\Identity.Role\Role.Application\Role.Application.csproj", "{05D33B24-0B9A-479D-88BA-B3CE0E56B8DE}"
EndProject
Project("{2150E333-8FDC-42A3-9474-1A3956D46DE8}") = "FS.SharedKernel", "FS.SharedKernel", "{3D0430D6-2547-43B7-AD36-2459FA030449}"
EndProject
Project("{9A19103F-16F7-4668-BE54-9A1E7A4F7556}") = "SH.Domain", "FS.SharedKernel\SH.Domain\SH.Domain.csproj", "{92EC0DB6-291E-4427-B073-0C53EBEC38D4}"
EndProject
Project("{9A19103F-16F7-4668-BE54-9A1E7A4F7556}") = "SH.Infrastructure", "FS.SharedKernel\SH.Infrastructure\SH.Infrastructure.csproj", "{20CB0199-B8A6-4234-8CB8-600A96BBF2CA}"
EndProject
Project("{9A19103F-16F7-4668-BE54-9A1E7A4F7556}") = "SH.Application", "FS.SharedKernel\SH.Application\SH.Application.csproj", "{EF7EF81E-BD9A-4C9E-9FD6-7A19A52B177A}"
EndProject
Project("{2150E333-8FDC-42A3-9474-1A3956D46DE8}") = "FS.ProductBrand", "FS.ProductBrand", "{F8FFCD29-A5DA-467C-AC94-1EE1E0B6CEB0}"
EndProject
Project("{2150E333-8FDC-42A3-9474-1A3956D46DE8}") = "src", "src", "{6EFD90C6-BBB5-4091-8395-9BE3723F8472}"
EndProject
Project("{9A19103F-16F7-4668-BE54-9A1E7A4F7556}") = "PB.Domain", "FS.ProductBrand\src\PB.Domain\PB.Domain.csproj", "{53F453DA-CEC6-4D4D-A01A-9AA9A1E7C4D6}"
EndProject
Project("{9A19103F-16F7-4668-BE54-9A1E7A4F7556}") = "PB.Infrastructure.EfCore", "FS.ProductBrand\src\PB.Infrastructure.EfCore\PB.Infrastructure.EfCore.csproj", "{93A98B0C-DBA0-43E3-A91E-524E661FA7D1}"
EndProject
Project("{9A19103F-16F7-4668-BE54-9A1E7A4F7556}") = "PB.Application", "FS.ProductBrand\src\PB.Application\PB.Application.csproj", "{7B6728C9-CCBA-4DF8-B088-573A3B9E46DD}"
EndProject
Project("{2150E333-8FDC-42A3-9474-1A3956D46DE8}") = "FS.Shop", "FS.Shop", "{578FB5ED-562F-4B5D-9287-172886968D07}"
EndProject
Project("{2150E333-8FDC-42A3-9474-1A3956D46DE8}") = "FS.Product", "FS.Product", "{66E5869B-02B5-49A2-AEBF-3E50CD6AEBC3}"
EndProject
Project("{9A19103F-16F7-4668-BE54-9A1E7A4F7556}") = "PM.Application", "FS.Shop\Shop.Product\PM.Application\PM.Application.csproj", "{BC33869C-20A4-4F43-8ADE-C10288808770}"
EndProject
Project("{9A19103F-16F7-4668-BE54-9A1E7A4F7556}") = "PM.Application.Contracts", "FS.Shop\Shop.Product\PM.Application.Contracts\PM.Application.Contracts.csproj", "{B6394182-85B1-4F9C-99E2-265BFCBA05A2}"
EndProject
Project("{9A19103F-16F7-4668-BE54-9A1E7A4F7556}") = "PM.Domain", "FS.Shop\Shop.Product\PM.Domain\PM.Domain.csproj", "{4C7CEBB3-999A-4E8A-8539-3966D13B5CE1}"
EndProject
Project("{9A19103F-16F7-4668-BE54-9A1E7A4F7556}") = "PM.Infrastructure.EFCore", "FS.Shop\Shop.Product\PM.Infrastructure.EFCore\PM.Infrastructure.EFCore.csproj", "{330FE790-D678-41EE-9826-1A257A22AAAC}"
EndProject
Project("{9A19103F-16F7-4668-BE54-9A1E7A4F7556}") = "PM.Infrastructure.InventoryAcl", "FS.Shop\Shop.Product\PM.Infrastructure.InventoryAcl\PM.Infrastructure.InventoryAcl.csproj", "{46ADADBD-A88D-4054-9084-E1DC2185173F}"
EndProject
Project("{2150E333-8FDC-42A3-9474-1A3956D46DE8}") = "FS.VarietyGroup", "FS.VarietyGroup", "{8384175E-E86E-49EB-9F90-DE96E2793E84}"
EndProject
Project("{2150E333-8FDC-42A3-9474-1A3956D46DE8}") = "src", "src", "{DBC53FAB-49DF-4DC6-A301-C1321FC8E73F}"
EndProject
Project("{9A19103F-16F7-4668-BE54-9A1E7A4F7556}") = "VG.Domain", "FS.Shop\Shop.VarietyGroup\src\VG.Domain\VG.Domain.csproj", "{AC467B96-91CF-41EA-96BD-0AF35E40AC54}"
EndProject
Project("{9A19103F-16F7-4668-BE54-9A1E7A4F7556}") = "VG.Application", "FS.Shop\Shop.VarietyGroup\src\VG.Application\VG.Application.csproj", "{482D08C6-569E-4ACD-AABA-D0749F9F2F19}"
EndProject
Project("{9A19103F-16F7-4668-BE54-9A1E7A4F7556}") = "VG.Infrastructure.EfCore", "FS.Shop\Shop.VarietyGroup\src\VG.Infrastructure.EfCore\VG.Infrastructure.EfCore.csproj", "{15F1B212-69D5-4945-B533-AEE976778A14}"
EndProject
Project("{9A19103F-16F7-4668-BE54-9A1E7A4F7556}") = "VG.Api", "FS.Shop\Shop.VarietyGroup\src\VG.Api\VG.Api.csproj", "{755B85C9-EFBD-4F8E-B271-51260A72C726}"
EndProject
Project("{2150E333-8FDC-42A3-9474-1A3956D46DE8}") = "FS.CountryDivisions", "FS.CountryDivisions", "{59505334-ED95-41D3-97B7-85A95C7925FF}"
EndProject
Project("{9A19103F-16F7-4668-BE54-9A1E7A4F7556}") = "CD.Domain", "FS.CountryDivisions\CD.Domain\CD.Domain.csproj", "{36977F74-1422-41BB-BDFB-6BB390E6C22E}"
EndProject
Project("{9A19103F-16F7-4668-BE54-9A1E7A4F7556}") = "CD.Application", "FS.CountryDivisions\CD.Application\CD.Application.csproj", "{5BF0FA07-B9E7-4F37-A145-0698B8E597D6}"
EndProject
Project("{9A19103F-16F7-4668-BE54-9A1E7A4F7556}") = "CD.Infrastructure.EfCore", "FS.CountryDivisions\CD.Infrastructure.EfCore\CD.Infrastructure.EfCore.csproj", "{BF3561CC-D162-49E5-85A0-FBBCC0E36F2E}"
EndProject
Project("{2150E333-8FDC-42A3-9474-1A3956D46DE8}") = "FS.SiteSettings", "FS.SiteSettings", "{96F599DE-7E78-41F4-9B5A-5E1DE474D8B2}"
EndProject
Project("{9A19103F-16F7-4668-BE54-9A1E7A4F7556}") = "SS.Domain", "FS.SiteSettings\SS.Domain\SS.Domain.csproj", "{9491E1BA-019B-4404-8ED3-C57CEAFC4A8F}"
EndProject
Project("{9A19103F-16F7-4668-BE54-9A1E7A4F7556}") = "SS.Application", "FS.SiteSettings\SS.Application\SS.Application.csproj", "{EC403E01-1C9A-45DD-BB7C-E0AD3D93CEC1}"
EndProject
Project("{9A19103F-16F7-4668-BE54-9A1E7A4F7556}") = "SS.Infrastructure.EfCore", "FS.SiteSettings\SS.Infrastructure.EfCore\SS.Infrastructure.EfCore.csproj", "{525A2A07-1AB2-41B4-B521-79A08EB37580}"
EndProject
Project("{2150E333-8FDC-42A3-9474-1A3956D46DE8}") = "FS.Category", "FS.Category", "{729B1620-1810-42A7-B2A2-BA56DACD4C6E}"
EndProject
Project("{2150E333-8FDC-42A3-9474-1A3956D46DE8}") = "src", "src", "{0EC1DE2F-1108-4BFD-B864-032DC02BB8A0}"
EndProject
Project("{9A19103F-16F7-4668-BE54-9A1E7A4F7556}") = "Category.Domain", "FS.Category\src\Category.Domain\Category.Domain.csproj", "{F5274EC7-87E4-40D8-A61A-BBB204319F7D}"
EndProject
Project("{9A19103F-16F7-4668-BE54-9A1E7A4F7556}") = "Category.Application", "FS.Category\src\Category.Application\Category.Application.csproj", "{2F6049A0-BACB-4017-B22B-29377113F2DD}"
EndProject
Project("{9A19103F-16F7-4668-BE54-9A1E7A4F7556}") = "Category.InfrastructureEfCore", "FS.Category\src\Category.InfrastructureEfCore\Category.InfrastructureEfCore.csproj", "{053BA127-B935-4D5F-A861-3F39F3E2313B}"
EndProject
Project("{2150E333-8FDC-42A3-9474-1A3956D46DE8}") = "FS.TraitGorup", "FS.TraitGorup", "{49F0712C-B9EE-4F2B-9ABD-317E75F8880F}"
EndProject
Project("{2150E333-8FDC-42A3-9474-1A3956D46DE8}") = "src", "src", "{769E7D28-507D-4599-A468-2C1DB1E721C0}"
EndProject
Project("{9A19103F-16F7-4668-BE54-9A1E7A4F7556}") = "TG.Domain", "FS.Shop\Shop.TraitGroup\src\TG.Domain\TG.Domain.csproj", "{0A93A71E-85AD-4580-B359-25E34BBF96AB}"
EndProject
Project("{9A19103F-16F7-4668-BE54-9A1E7A4F7556}") = "TG.Application", "FS.Shop\Shop.TraitGroup\src\TG.Application\TG.Application.csproj", "{85D51747-4F1D-4ECC-9413-7AD903CE37CF}"
EndProject
Project("{9A19103F-16F7-4668-BE54-9A1E7A4F7556}") = "TG.Infrastructure.EfCore", "FS.Shop\Shop.TraitGroup\src\TG.Infrastructure.EfCore\TG.Infrastructure.EfCore.csproj", "{5141086D-EA89-4A69-8C85-9A61FF9714F1}"
EndProject
Project("{2150E333-8FDC-42A3-9474-1A3956D46DE8}") = "FS.Inventory", "FS.Inventory", "{D7AEB4FE-6BA7-4AC7-B1DC-3086B4292E74}"
EndProject
Project("{2150E333-8FDC-42A3-9474-1A3956D46DE8}") = "src", "src", "{4C54E204-9F69-4529-832D-5C56412EC9FC}"
EndProject
Project("{9A19103F-16F7-4668-BE54-9A1E7A4F7556}") = "Inventory.Domain", "FS.Inventory\src\Inventory.Domain\Inventory.Domain.csproj", "{C92B5C24-9FAC-4008-9AB0-8F6E1F67DA95}"
EndProject
Project("{9A19103F-16F7-4668-BE54-9A1E7A4F7556}") = "Inventory.Application.Contract", "FS.Inventory\src\Inventory.Application.Contract\Inventory.Application.Contract.csproj", "{5199CF14-3EBA-4DDF-AD0D-65B4819B4D7A}"
EndProject
Project("{9A19103F-16F7-4668-BE54-9A1E7A4F7556}") = "Inventory.Application", "FS.Inventory\src\Inventory.Application\Inventory.Application.csproj", "{0AE2F268-9DD9-49D4-AE6F-4362D3BA889D}"
EndProject
Project("{9A19103F-16F7-4668-BE54-9A1E7A4F7556}") = "Inventory.Infrastructure.EFCore", "FS.Inventory\src\Inventory.Infrastructure.EFCore\Inventory.Infrastructure.EFCore.csproj", "{C80D7A7D-A737-4685-8620-88E36D13E712}"
EndProject
Project("{9A19103F-16F7-4668-BE54-9A1E7A4F7556}") = "PM.Api", "FS.Shop\Shop.Product\PM.Api\PM.Api.csproj", "{BDEAE7CA-6822-4877-A892-18612AFC851A}"
EndProject
Project("{9A19103F-16F7-4668-BE54-9A1E7A4F7556}") = "Category.Api", "FS.Category\src\Category.Api\Category.Api.csproj", "{074CE488-32E0-474F-AB6F-1E9EF29C1144}"
EndProject
Project("{2150E333-8FDC-42A3-9474-1A3956D46DE8}") = "Web", "Web", "{ED26EBE3-34A5-4C8A-9A11-778E2AD064DF}"
EndProject
Project("{9A19103F-16F7-4668-BE54-9A1E7A4F7556}") = "Identity", "Web\Identity\Identity.csproj", "{24736FF3-0930-4A3B-8782-EE717CEDC5BF}"
EndProject
Project("{9A19103F-16F7-4668-BE54-9A1E7A4F7556}") = "ServiceHost", "Web\ServiceHost\ServiceHost.csproj", "{B4AB7DDD-D776-4ABD-943E-C5BA53FD9C9D}"
EndProject
Project("{9A19103F-16F7-4668-BE54-9A1E7A4F7556}") = "PM.Infrastructure.ModulesAcl", "FS.Shop\Shop.Product\PM.Infrastructure.ModulesAcl\PM.Infrastructure.ModulesAcl.csproj", "{AD4DCBFB-217E-4DD0-972F-ADEF7C9EB056}"
EndProject
Project("{9A19103F-16F7-4668-BE54-9A1E7A4F7556}") = "PM.Domain.Services", "FS.Shop\Shop.Product\PM.Domain.Services\PM.Domain.Services.csproj", "{67A4DC94-B761-4DBF-81A6-95546DCB8144}"
EndProject
Project("{9A19103F-16F7-4668-BE54-9A1E7A4F7556}") = "FaghihstoreQuery", "FaghihstoreQuery\FaghihstoreQuery.csproj", "{51505D22-0C26-492D-A2BD-0D957D33394D}"
EndProject
Global
	GlobalSection(SolutionConfigurationPlatforms) = preSolution
		Debug|Any CPU = Debug|Any CPU
		Release|Any CPU = Release|Any CPU
	EndGlobalSection
	GlobalSection(ProjectConfigurationPlatforms) = postSolution
		{AB72DEF3-B594-472E-BEDF-F5357957A44A}.Debug|Any CPU.ActiveCfg = Debug|Any CPU
		{AB72DEF3-B594-472E-BEDF-F5357957A44A}.Debug|Any CPU.Build.0 = Debug|Any CPU
		{AB72DEF3-B594-472E-BEDF-F5357957A44A}.Release|Any CPU.ActiveCfg = Release|Any CPU
		{AB72DEF3-B594-472E-BEDF-F5357957A44A}.Release|Any CPU.Build.0 = Release|Any CPU
		{99C713D7-7C43-497A-B0FA-B56FAA1388F4}.Debug|Any CPU.ActiveCfg = Debug|Any CPU
		{99C713D7-7C43-497A-B0FA-B56FAA1388F4}.Debug|Any CPU.Build.0 = Debug|Any CPU
		{99C713D7-7C43-497A-B0FA-B56FAA1388F4}.Release|Any CPU.ActiveCfg = Release|Any CPU
		{99C713D7-7C43-497A-B0FA-B56FAA1388F4}.Release|Any CPU.Build.0 = Release|Any CPU
		{4E5BD78B-9C26-48BB-A025-D2557FC4BB3E}.Debug|Any CPU.ActiveCfg = Debug|Any CPU
		{4E5BD78B-9C26-48BB-A025-D2557FC4BB3E}.Debug|Any CPU.Build.0 = Debug|Any CPU
		{4E5BD78B-9C26-48BB-A025-D2557FC4BB3E}.Release|Any CPU.ActiveCfg = Release|Any CPU
		{4E5BD78B-9C26-48BB-A025-D2557FC4BB3E}.Release|Any CPU.Build.0 = Release|Any CPU
		{B1243114-29AA-40CC-9204-6A6294F76FEF}.Debug|Any CPU.ActiveCfg = Debug|Any CPU
		{B1243114-29AA-40CC-9204-6A6294F76FEF}.Debug|Any CPU.Build.0 = Debug|Any CPU
		{B1243114-29AA-40CC-9204-6A6294F76FEF}.Release|Any CPU.ActiveCfg = Release|Any CPU
		{B1243114-29AA-40CC-9204-6A6294F76FEF}.Release|Any CPU.Build.0 = Release|Any CPU
		{619E0EDC-B2B4-49B9-AE81-C3932239BA1B}.Debug|Any CPU.ActiveCfg = Debug|Any CPU
		{619E0EDC-B2B4-49B9-AE81-C3932239BA1B}.Debug|Any CPU.Build.0 = Debug|Any CPU
		{619E0EDC-B2B4-49B9-AE81-C3932239BA1B}.Release|Any CPU.ActiveCfg = Release|Any CPU
		{619E0EDC-B2B4-49B9-AE81-C3932239BA1B}.Release|Any CPU.Build.0 = Release|Any CPU
		{B8FF92FC-0E35-4CE4-86CB-29F2D5A22DB1}.Debug|Any CPU.ActiveCfg = Debug|Any CPU
		{B8FF92FC-0E35-4CE4-86CB-29F2D5A22DB1}.Debug|Any CPU.Build.0 = Debug|Any CPU
		{B8FF92FC-0E35-4CE4-86CB-29F2D5A22DB1}.Release|Any CPU.ActiveCfg = Release|Any CPU
		{B8FF92FC-0E35-4CE4-86CB-29F2D5A22DB1}.Release|Any CPU.Build.0 = Release|Any CPU
		{EC4548BB-3859-4776-AC3E-8980B8698AFB}.Debug|Any CPU.ActiveCfg = Debug|Any CPU
		{EC4548BB-3859-4776-AC3E-8980B8698AFB}.Debug|Any CPU.Build.0 = Debug|Any CPU
		{EC4548BB-3859-4776-AC3E-8980B8698AFB}.Release|Any CPU.ActiveCfg = Release|Any CPU
		{EC4548BB-3859-4776-AC3E-8980B8698AFB}.Release|Any CPU.Build.0 = Release|Any CPU
		{9243BBAD-D9B8-4DCD-A67E-4689FF019E65}.Debug|Any CPU.ActiveCfg = Debug|Any CPU
		{9243BBAD-D9B8-4DCD-A67E-4689FF019E65}.Debug|Any CPU.Build.0 = Debug|Any CPU
		{9243BBAD-D9B8-4DCD-A67E-4689FF019E65}.Release|Any CPU.ActiveCfg = Release|Any CPU
		{9243BBAD-D9B8-4DCD-A67E-4689FF019E65}.Release|Any CPU.Build.0 = Release|Any CPU
		{4965B3D6-1158-4168-8BF9-70601F005E92}.Debug|Any CPU.ActiveCfg = Debug|Any CPU
		{4965B3D6-1158-4168-8BF9-70601F005E92}.Debug|Any CPU.Build.0 = Debug|Any CPU
		{4965B3D6-1158-4168-8BF9-70601F005E92}.Release|Any CPU.ActiveCfg = Release|Any CPU
		{4965B3D6-1158-4168-8BF9-70601F005E92}.Release|Any CPU.Build.0 = Release|Any CPU
		{4D1053DF-2099-4E88-9BBA-585F64448D81}.Debug|Any CPU.ActiveCfg = Debug|Any CPU
		{4D1053DF-2099-4E88-9BBA-585F64448D81}.Debug|Any CPU.Build.0 = Debug|Any CPU
		{4D1053DF-2099-4E88-9BBA-585F64448D81}.Release|Any CPU.ActiveCfg = Release|Any CPU
		{4D1053DF-2099-4E88-9BBA-585F64448D81}.Release|Any CPU.Build.0 = Release|Any CPU
		{8B4C2228-8B3C-4859-83EB-26C01275EE1A}.Debug|Any CPU.ActiveCfg = Debug|Any CPU
		{8B4C2228-8B3C-4859-83EB-26C01275EE1A}.Debug|Any CPU.Build.0 = Debug|Any CPU
		{8B4C2228-8B3C-4859-83EB-26C01275EE1A}.Release|Any CPU.ActiveCfg = Release|Any CPU
		{8B4C2228-8B3C-4859-83EB-26C01275EE1A}.Release|Any CPU.Build.0 = Release|Any CPU
		{061CB724-F2E1-4E16-BE3E-2A30D98DC49D}.Debug|Any CPU.ActiveCfg = Debug|Any CPU
		{061CB724-F2E1-4E16-BE3E-2A30D98DC49D}.Debug|Any CPU.Build.0 = Debug|Any CPU
		{061CB724-F2E1-4E16-BE3E-2A30D98DC49D}.Release|Any CPU.ActiveCfg = Release|Any CPU
		{061CB724-F2E1-4E16-BE3E-2A30D98DC49D}.Release|Any CPU.Build.0 = Release|Any CPU
		{9CBEDCD6-DCF4-470C-89FA-18BB90AB30DB}.Debug|Any CPU.ActiveCfg = Debug|Any CPU
		{9CBEDCD6-DCF4-470C-89FA-18BB90AB30DB}.Debug|Any CPU.Build.0 = Debug|Any CPU
		{9CBEDCD6-DCF4-470C-89FA-18BB90AB30DB}.Release|Any CPU.ActiveCfg = Release|Any CPU
		{9CBEDCD6-DCF4-470C-89FA-18BB90AB30DB}.Release|Any CPU.Build.0 = Release|Any CPU
		{F221BAFC-74C9-449E-91C6-0DB5DAE1D71D}.Debug|Any CPU.ActiveCfg = Debug|Any CPU
		{F221BAFC-74C9-449E-91C6-0DB5DAE1D71D}.Debug|Any CPU.Build.0 = Debug|Any CPU
		{F221BAFC-74C9-449E-91C6-0DB5DAE1D71D}.Release|Any CPU.ActiveCfg = Release|Any CPU
		{F221BAFC-74C9-449E-91C6-0DB5DAE1D71D}.Release|Any CPU.Build.0 = Release|Any CPU
		{DB81397D-B457-4794-9290-8DD66E7A6F52}.Debug|Any CPU.ActiveCfg = Debug|Any CPU
		{DB81397D-B457-4794-9290-8DD66E7A6F52}.Debug|Any CPU.Build.0 = Debug|Any CPU
		{DB81397D-B457-4794-9290-8DD66E7A6F52}.Release|Any CPU.ActiveCfg = Release|Any CPU
		{DB81397D-B457-4794-9290-8DD66E7A6F52}.Release|Any CPU.Build.0 = Release|Any CPU
		{05D33B24-0B9A-479D-88BA-B3CE0E56B8DE}.Debug|Any CPU.ActiveCfg = Debug|Any CPU
		{05D33B24-0B9A-479D-88BA-B3CE0E56B8DE}.Debug|Any CPU.Build.0 = Debug|Any CPU
		{05D33B24-0B9A-479D-88BA-B3CE0E56B8DE}.Release|Any CPU.ActiveCfg = Release|Any CPU
		{05D33B24-0B9A-479D-88BA-B3CE0E56B8DE}.Release|Any CPU.Build.0 = Release|Any CPU
		{92EC0DB6-291E-4427-B073-0C53EBEC38D4}.Debug|Any CPU.ActiveCfg = Debug|Any CPU
		{92EC0DB6-291E-4427-B073-0C53EBEC38D4}.Debug|Any CPU.Build.0 = Debug|Any CPU
		{92EC0DB6-291E-4427-B073-0C53EBEC38D4}.Release|Any CPU.ActiveCfg = Release|Any CPU
		{92EC0DB6-291E-4427-B073-0C53EBEC38D4}.Release|Any CPU.Build.0 = Release|Any CPU
		{20CB0199-B8A6-4234-8CB8-600A96BBF2CA}.Debug|Any CPU.ActiveCfg = Debug|Any CPU
		{20CB0199-B8A6-4234-8CB8-600A96BBF2CA}.Debug|Any CPU.Build.0 = Debug|Any CPU
		{20CB0199-B8A6-4234-8CB8-600A96BBF2CA}.Release|Any CPU.ActiveCfg = Release|Any CPU
		{20CB0199-B8A6-4234-8CB8-600A96BBF2CA}.Release|Any CPU.Build.0 = Release|Any CPU
		{EF7EF81E-BD9A-4C9E-9FD6-7A19A52B177A}.Debug|Any CPU.ActiveCfg = Debug|Any CPU
		{EF7EF81E-BD9A-4C9E-9FD6-7A19A52B177A}.Debug|Any CPU.Build.0 = Debug|Any CPU
		{EF7EF81E-BD9A-4C9E-9FD6-7A19A52B177A}.Release|Any CPU.ActiveCfg = Release|Any CPU
		{EF7EF81E-BD9A-4C9E-9FD6-7A19A52B177A}.Release|Any CPU.Build.0 = Release|Any CPU
		{53F453DA-CEC6-4D4D-A01A-9AA9A1E7C4D6}.Debug|Any CPU.ActiveCfg = Debug|Any CPU
		{53F453DA-CEC6-4D4D-A01A-9AA9A1E7C4D6}.Debug|Any CPU.Build.0 = Debug|Any CPU
		{53F453DA-CEC6-4D4D-A01A-9AA9A1E7C4D6}.Release|Any CPU.ActiveCfg = Release|Any CPU
		{53F453DA-CEC6-4D4D-A01A-9AA9A1E7C4D6}.Release|Any CPU.Build.0 = Release|Any CPU
		{93A98B0C-DBA0-43E3-A91E-524E661FA7D1}.Debug|Any CPU.ActiveCfg = Debug|Any CPU
		{93A98B0C-DBA0-43E3-A91E-524E661FA7D1}.Debug|Any CPU.Build.0 = Debug|Any CPU
		{93A98B0C-DBA0-43E3-A91E-524E661FA7D1}.Release|Any CPU.ActiveCfg = Release|Any CPU
		{93A98B0C-DBA0-43E3-A91E-524E661FA7D1}.Release|Any CPU.Build.0 = Release|Any CPU
		{7B6728C9-CCBA-4DF8-B088-573A3B9E46DD}.Debug|Any CPU.ActiveCfg = Debug|Any CPU
		{7B6728C9-CCBA-4DF8-B088-573A3B9E46DD}.Debug|Any CPU.Build.0 = Debug|Any CPU
		{7B6728C9-CCBA-4DF8-B088-573A3B9E46DD}.Release|Any CPU.ActiveCfg = Release|Any CPU
		{7B6728C9-CCBA-4DF8-B088-573A3B9E46DD}.Release|Any CPU.Build.0 = Release|Any CPU
		{BC33869C-20A4-4F43-8ADE-C10288808770}.Debug|Any CPU.ActiveCfg = Debug|Any CPU
		{BC33869C-20A4-4F43-8ADE-C10288808770}.Debug|Any CPU.Build.0 = Debug|Any CPU
		{BC33869C-20A4-4F43-8ADE-C10288808770}.Release|Any CPU.ActiveCfg = Release|Any CPU
		{BC33869C-20A4-4F43-8ADE-C10288808770}.Release|Any CPU.Build.0 = Release|Any CPU
		{B6394182-85B1-4F9C-99E2-265BFCBA05A2}.Debug|Any CPU.ActiveCfg = Debug|Any CPU
		{B6394182-85B1-4F9C-99E2-265BFCBA05A2}.Debug|Any CPU.Build.0 = Debug|Any CPU
		{B6394182-85B1-4F9C-99E2-265BFCBA05A2}.Release|Any CPU.ActiveCfg = Release|Any CPU
		{B6394182-85B1-4F9C-99E2-265BFCBA05A2}.Release|Any CPU.Build.0 = Release|Any CPU
		{4C7CEBB3-999A-4E8A-8539-3966D13B5CE1}.Debug|Any CPU.ActiveCfg = Debug|Any CPU
		{4C7CEBB3-999A-4E8A-8539-3966D13B5CE1}.Debug|Any CPU.Build.0 = Debug|Any CPU
		{4C7CEBB3-999A-4E8A-8539-3966D13B5CE1}.Release|Any CPU.ActiveCfg = Release|Any CPU
		{4C7CEBB3-999A-4E8A-8539-3966D13B5CE1}.Release|Any CPU.Build.0 = Release|Any CPU
		{330FE790-D678-41EE-9826-1A257A22AAAC}.Debug|Any CPU.ActiveCfg = Debug|Any CPU
		{330FE790-D678-41EE-9826-1A257A22AAAC}.Debug|Any CPU.Build.0 = Debug|Any CPU
		{330FE790-D678-41EE-9826-1A257A22AAAC}.Release|Any CPU.ActiveCfg = Release|Any CPU
		{330FE790-D678-41EE-9826-1A257A22AAAC}.Release|Any CPU.Build.0 = Release|Any CPU
		{46ADADBD-A88D-4054-9084-E1DC2185173F}.Debug|Any CPU.ActiveCfg = Debug|Any CPU
		{46ADADBD-A88D-4054-9084-E1DC2185173F}.Debug|Any CPU.Build.0 = Debug|Any CPU
		{46ADADBD-A88D-4054-9084-E1DC2185173F}.Release|Any CPU.ActiveCfg = Release|Any CPU
		{46ADADBD-A88D-4054-9084-E1DC2185173F}.Release|Any CPU.Build.0 = Release|Any CPU
		{AC467B96-91CF-41EA-96BD-0AF35E40AC54}.Debug|Any CPU.ActiveCfg = Debug|Any CPU
		{AC467B96-91CF-41EA-96BD-0AF35E40AC54}.Debug|Any CPU.Build.0 = Debug|Any CPU
		{AC467B96-91CF-41EA-96BD-0AF35E40AC54}.Release|Any CPU.ActiveCfg = Release|Any CPU
		{AC467B96-91CF-41EA-96BD-0AF35E40AC54}.Release|Any CPU.Build.0 = Release|Any CPU
		{482D08C6-569E-4ACD-AABA-D0749F9F2F19}.Debug|Any CPU.ActiveCfg = Debug|Any CPU
		{482D08C6-569E-4ACD-AABA-D0749F9F2F19}.Debug|Any CPU.Build.0 = Debug|Any CPU
		{482D08C6-569E-4ACD-AABA-D0749F9F2F19}.Release|Any CPU.ActiveCfg = Release|Any CPU
		{482D08C6-569E-4ACD-AABA-D0749F9F2F19}.Release|Any CPU.Build.0 = Release|Any CPU
		{15F1B212-69D5-4945-B533-AEE976778A14}.Debug|Any CPU.ActiveCfg = Debug|Any CPU
		{15F1B212-69D5-4945-B533-AEE976778A14}.Debug|Any CPU.Build.0 = Debug|Any CPU
		{15F1B212-69D5-4945-B533-AEE976778A14}.Release|Any CPU.ActiveCfg = Release|Any CPU
		{15F1B212-69D5-4945-B533-AEE976778A14}.Release|Any CPU.Build.0 = Release|Any CPU
		{755B85C9-EFBD-4F8E-B271-51260A72C726}.Debug|Any CPU.ActiveCfg = Debug|Any CPU
		{755B85C9-EFBD-4F8E-B271-51260A72C726}.Debug|Any CPU.Build.0 = Debug|Any CPU
		{755B85C9-EFBD-4F8E-B271-51260A72C726}.Release|Any CPU.ActiveCfg = Release|Any CPU
		{755B85C9-EFBD-4F8E-B271-51260A72C726}.Release|Any CPU.Build.0 = Release|Any CPU
		{36977F74-1422-41BB-BDFB-6BB390E6C22E}.Debug|Any CPU.ActiveCfg = Debug|Any CPU
		{36977F74-1422-41BB-BDFB-6BB390E6C22E}.Debug|Any CPU.Build.0 = Debug|Any CPU
		{36977F74-1422-41BB-BDFB-6BB390E6C22E}.Release|Any CPU.ActiveCfg = Release|Any CPU
		{36977F74-1422-41BB-BDFB-6BB390E6C22E}.Release|Any CPU.Build.0 = Release|Any CPU
		{5BF0FA07-B9E7-4F37-A145-0698B8E597D6}.Debug|Any CPU.ActiveCfg = Debug|Any CPU
		{5BF0FA07-B9E7-4F37-A145-0698B8E597D6}.Debug|Any CPU.Build.0 = Debug|Any CPU
		{5BF0FA07-B9E7-4F37-A145-0698B8E597D6}.Release|Any CPU.ActiveCfg = Release|Any CPU
		{5BF0FA07-B9E7-4F37-A145-0698B8E597D6}.Release|Any CPU.Build.0 = Release|Any CPU
		{BF3561CC-D162-49E5-85A0-FBBCC0E36F2E}.Debug|Any CPU.ActiveCfg = Debug|Any CPU
		{BF3561CC-D162-49E5-85A0-FBBCC0E36F2E}.Debug|Any CPU.Build.0 = Debug|Any CPU
		{BF3561CC-D162-49E5-85A0-FBBCC0E36F2E}.Release|Any CPU.ActiveCfg = Release|Any CPU
		{BF3561CC-D162-49E5-85A0-FBBCC0E36F2E}.Release|Any CPU.Build.0 = Release|Any CPU
		{9491E1BA-019B-4404-8ED3-C57CEAFC4A8F}.Debug|Any CPU.ActiveCfg = Debug|Any CPU
		{9491E1BA-019B-4404-8ED3-C57CEAFC4A8F}.Debug|Any CPU.Build.0 = Debug|Any CPU
		{9491E1BA-019B-4404-8ED3-C57CEAFC4A8F}.Release|Any CPU.ActiveCfg = Release|Any CPU
		{9491E1BA-019B-4404-8ED3-C57CEAFC4A8F}.Release|Any CPU.Build.0 = Release|Any CPU
		{EC403E01-1C9A-45DD-BB7C-E0AD3D93CEC1}.Debug|Any CPU.ActiveCfg = Debug|Any CPU
		{EC403E01-1C9A-45DD-BB7C-E0AD3D93CEC1}.Debug|Any CPU.Build.0 = Debug|Any CPU
		{EC403E01-1C9A-45DD-BB7C-E0AD3D93CEC1}.Release|Any CPU.ActiveCfg = Release|Any CPU
		{EC403E01-1C9A-45DD-BB7C-E0AD3D93CEC1}.Release|Any CPU.Build.0 = Release|Any CPU
		{525A2A07-1AB2-41B4-B521-79A08EB37580}.Debug|Any CPU.ActiveCfg = Debug|Any CPU
		{525A2A07-1AB2-41B4-B521-79A08EB37580}.Debug|Any CPU.Build.0 = Debug|Any CPU
		{525A2A07-1AB2-41B4-B521-79A08EB37580}.Release|Any CPU.ActiveCfg = Release|Any CPU
		{525A2A07-1AB2-41B4-B521-79A08EB37580}.Release|Any CPU.Build.0 = Release|Any CPU
		{F5274EC7-87E4-40D8-A61A-BBB204319F7D}.Debug|Any CPU.ActiveCfg = Debug|Any CPU
		{F5274EC7-87E4-40D8-A61A-BBB204319F7D}.Debug|Any CPU.Build.0 = Debug|Any CPU
		{F5274EC7-87E4-40D8-A61A-BBB204319F7D}.Release|Any CPU.ActiveCfg = Release|Any CPU
		{F5274EC7-87E4-40D8-A61A-BBB204319F7D}.Release|Any CPU.Build.0 = Release|Any CPU
		{2F6049A0-BACB-4017-B22B-29377113F2DD}.Debug|Any CPU.ActiveCfg = Debug|Any CPU
		{2F6049A0-BACB-4017-B22B-29377113F2DD}.Debug|Any CPU.Build.0 = Debug|Any CPU
		{2F6049A0-BACB-4017-B22B-29377113F2DD}.Release|Any CPU.ActiveCfg = Release|Any CPU
		{2F6049A0-BACB-4017-B22B-29377113F2DD}.Release|Any CPU.Build.0 = Release|Any CPU
		{053BA127-B935-4D5F-A861-3F39F3E2313B}.Debug|Any CPU.ActiveCfg = Debug|Any CPU
		{053BA127-B935-4D5F-A861-3F39F3E2313B}.Debug|Any CPU.Build.0 = Debug|Any CPU
		{053BA127-B935-4D5F-A861-3F39F3E2313B}.Release|Any CPU.ActiveCfg = Release|Any CPU
		{053BA127-B935-4D5F-A861-3F39F3E2313B}.Release|Any CPU.Build.0 = Release|Any CPU
		{0A93A71E-85AD-4580-B359-25E34BBF96AB}.Debug|Any CPU.ActiveCfg = Debug|Any CPU
		{0A93A71E-85AD-4580-B359-25E34BBF96AB}.Debug|Any CPU.Build.0 = Debug|Any CPU
		{0A93A71E-85AD-4580-B359-25E34BBF96AB}.Release|Any CPU.ActiveCfg = Release|Any CPU
		{0A93A71E-85AD-4580-B359-25E34BBF96AB}.Release|Any CPU.Build.0 = Release|Any CPU
		{85D51747-4F1D-4ECC-9413-7AD903CE37CF}.Debug|Any CPU.ActiveCfg = Debug|Any CPU
		{85D51747-4F1D-4ECC-9413-7AD903CE37CF}.Debug|Any CPU.Build.0 = Debug|Any CPU
		{85D51747-4F1D-4ECC-9413-7AD903CE37CF}.Release|Any CPU.ActiveCfg = Release|Any CPU
		{85D51747-4F1D-4ECC-9413-7AD903CE37CF}.Release|Any CPU.Build.0 = Release|Any CPU
		{5141086D-EA89-4A69-8C85-9A61FF9714F1}.Debug|Any CPU.ActiveCfg = Debug|Any CPU
		{5141086D-EA89-4A69-8C85-9A61FF9714F1}.Debug|Any CPU.Build.0 = Debug|Any CPU
		{5141086D-EA89-4A69-8C85-9A61FF9714F1}.Release|Any CPU.ActiveCfg = Release|Any CPU
		{5141086D-EA89-4A69-8C85-9A61FF9714F1}.Release|Any CPU.Build.0 = Release|Any CPU
		{C92B5C24-9FAC-4008-9AB0-8F6E1F67DA95}.Debug|Any CPU.ActiveCfg = Debug|Any CPU
		{C92B5C24-9FAC-4008-9AB0-8F6E1F67DA95}.Debug|Any CPU.Build.0 = Debug|Any CPU
		{C92B5C24-9FAC-4008-9AB0-8F6E1F67DA95}.Release|Any CPU.ActiveCfg = Release|Any CPU
		{C92B5C24-9FAC-4008-9AB0-8F6E1F67DA95}.Release|Any CPU.Build.0 = Release|Any CPU
		{5199CF14-3EBA-4DDF-AD0D-65B4819B4D7A}.Debug|Any CPU.ActiveCfg = Debug|Any CPU
		{5199CF14-3EBA-4DDF-AD0D-65B4819B4D7A}.Debug|Any CPU.Build.0 = Debug|Any CPU
		{5199CF14-3EBA-4DDF-AD0D-65B4819B4D7A}.Release|Any CPU.ActiveCfg = Release|Any CPU
		{5199CF14-3EBA-4DDF-AD0D-65B4819B4D7A}.Release|Any CPU.Build.0 = Release|Any CPU
		{0AE2F268-9DD9-49D4-AE6F-4362D3BA889D}.Debug|Any CPU.ActiveCfg = Debug|Any CPU
		{0AE2F268-9DD9-49D4-AE6F-4362D3BA889D}.Debug|Any CPU.Build.0 = Debug|Any CPU
		{0AE2F268-9DD9-49D4-AE6F-4362D3BA889D}.Release|Any CPU.ActiveCfg = Release|Any CPU
		{0AE2F268-9DD9-49D4-AE6F-4362D3BA889D}.Release|Any CPU.Build.0 = Release|Any CPU
		{C80D7A7D-A737-4685-8620-88E36D13E712}.Debug|Any CPU.ActiveCfg = Debug|Any CPU
		{C80D7A7D-A737-4685-8620-88E36D13E712}.Debug|Any CPU.Build.0 = Debug|Any CPU
		{C80D7A7D-A737-4685-8620-88E36D13E712}.Release|Any CPU.ActiveCfg = Release|Any CPU
		{C80D7A7D-A737-4685-8620-88E36D13E712}.Release|Any CPU.Build.0 = Release|Any CPU
		{BDEAE7CA-6822-4877-A892-18612AFC851A}.Debug|Any CPU.ActiveCfg = Debug|Any CPU
		{BDEAE7CA-6822-4877-A892-18612AFC851A}.Debug|Any CPU.Build.0 = Debug|Any CPU
		{BDEAE7CA-6822-4877-A892-18612AFC851A}.Release|Any CPU.ActiveCfg = Release|Any CPU
		{BDEAE7CA-6822-4877-A892-18612AFC851A}.Release|Any CPU.Build.0 = Release|Any CPU
		{074CE488-32E0-474F-AB6F-1E9EF29C1144}.Debug|Any CPU.ActiveCfg = Debug|Any CPU
		{074CE488-32E0-474F-AB6F-1E9EF29C1144}.Debug|Any CPU.Build.0 = Debug|Any CPU
		{074CE488-32E0-474F-AB6F-1E9EF29C1144}.Release|Any CPU.ActiveCfg = Release|Any CPU
		{074CE488-32E0-474F-AB6F-1E9EF29C1144}.Release|Any CPU.Build.0 = Release|Any CPU
		{24736FF3-0930-4A3B-8782-EE717CEDC5BF}.Debug|Any CPU.ActiveCfg = Debug|Any CPU
		{24736FF3-0930-4A3B-8782-EE717CEDC5BF}.Debug|Any CPU.Build.0 = Debug|Any CPU
		{24736FF3-0930-4A3B-8782-EE717CEDC5BF}.Release|Any CPU.ActiveCfg = Release|Any CPU
		{24736FF3-0930-4A3B-8782-EE717CEDC5BF}.Release|Any CPU.Build.0 = Release|Any CPU
		{B4AB7DDD-D776-4ABD-943E-C5BA53FD9C9D}.Debug|Any CPU.ActiveCfg = Debug|Any CPU
		{B4AB7DDD-D776-4ABD-943E-C5BA53FD9C9D}.Debug|Any CPU.Build.0 = Debug|Any CPU
		{B4AB7DDD-D776-4ABD-943E-C5BA53FD9C9D}.Release|Any CPU.ActiveCfg = Release|Any CPU
		{B4AB7DDD-D776-4ABD-943E-C5BA53FD9C9D}.Release|Any CPU.Build.0 = Release|Any CPU
		{AD4DCBFB-217E-4DD0-972F-ADEF7C9EB056}.Debug|Any CPU.ActiveCfg = Debug|Any CPU
		{AD4DCBFB-217E-4DD0-972F-ADEF7C9EB056}.Debug|Any CPU.Build.0 = Debug|Any CPU
		{AD4DCBFB-217E-4DD0-972F-ADEF7C9EB056}.Release|Any CPU.ActiveCfg = Release|Any CPU
		{AD4DCBFB-217E-4DD0-972F-ADEF7C9EB056}.Release|Any CPU.Build.0 = Release|Any CPU
		{67A4DC94-B761-4DBF-81A6-95546DCB8144}.Debug|Any CPU.ActiveCfg = Debug|Any CPU
		{67A4DC94-B761-4DBF-81A6-95546DCB8144}.Debug|Any CPU.Build.0 = Debug|Any CPU
		{67A4DC94-B761-4DBF-81A6-95546DCB8144}.Release|Any CPU.ActiveCfg = Release|Any CPU
		{67A4DC94-B761-4DBF-81A6-95546DCB8144}.Release|Any CPU.Build.0 = Release|Any CPU
		{51505D22-0C26-492D-A2BD-0D957D33394D}.Debug|Any CPU.ActiveCfg = Debug|Any CPU
		{51505D22-0C26-492D-A2BD-0D957D33394D}.Debug|Any CPU.Build.0 = Debug|Any CPU
		{51505D22-0C26-492D-A2BD-0D957D33394D}.Release|Any CPU.ActiveCfg = Release|Any CPU
		{51505D22-0C26-492D-A2BD-0D957D33394D}.Release|Any CPU.Build.0 = Release|Any CPU
	EndGlobalSection
	GlobalSection(SolutionProperties) = preSolution
		HideSolutionNode = FALSE
	EndGlobalSection
	GlobalSection(NestedProjects) = preSolution
		{DB52238A-30A6-4809-9462-1E52B97DED44} = {0F95B080-B3AC-45DD-86EE-144BE7565350}
		{99C713D7-7C43-497A-B0FA-B56FAA1388F4} = {DB52238A-30A6-4809-9462-1E52B97DED44}
		{0EDDE1DD-FF5E-4AF7-A932-A80DC2CEE854} = {0F95B080-B3AC-45DD-86EE-144BE7565350}
		{4E5BD78B-9C26-48BB-A025-D2557FC4BB3E} = {0EDDE1DD-FF5E-4AF7-A932-A80DC2CEE854}
		{B1243114-29AA-40CC-9204-6A6294F76FEF} = {0EDDE1DD-FF5E-4AF7-A932-A80DC2CEE854}
		{AF9553AB-5BCD-49AB-8431-AF7941312BEF} = {0F95B080-B3AC-45DD-86EE-144BE7565350}
		{619E0EDC-B2B4-49B9-AE81-C3932239BA1B} = {AF9553AB-5BCD-49AB-8431-AF7941312BEF}
		{B8FF92FC-0E35-4CE4-86CB-29F2D5A22DB1} = {AF9553AB-5BCD-49AB-8431-AF7941312BEF}
		{AC467D1F-7C07-4713-A692-2DF0EEE4EBD3} = {386FA062-9C0A-461F-84C1-3E05A1D19F92}
		{EC4548BB-3859-4776-AC3E-8980B8698AFB} = {AC467D1F-7C07-4713-A692-2DF0EEE4EBD3}
		{1DE90B1A-D938-4FC6-81D1-F80BC9D3347D} = {386FA062-9C0A-461F-84C1-3E05A1D19F92}
		{9243BBAD-D9B8-4DCD-A67E-4689FF019E65} = {1DE90B1A-D938-4FC6-81D1-F80BC9D3347D}
		{4965B3D6-1158-4168-8BF9-70601F005E92} = {1DE90B1A-D938-4FC6-81D1-F80BC9D3347D}
		{E1510A7A-0380-49D2-9274-1B766386E61D} = {386FA062-9C0A-461F-84C1-3E05A1D19F92}
		{4D1053DF-2099-4E88-9BBA-585F64448D81} = {E1510A7A-0380-49D2-9274-1B766386E61D}
		{8B4C2228-8B3C-4859-83EB-26C01275EE1A} = {E1510A7A-0380-49D2-9274-1B766386E61D}
		{061CB724-F2E1-4E16-BE3E-2A30D98DC49D} = {72C6DB77-BDFA-4BCD-9F03-64C4E55E974F}
		{72C6DB77-BDFA-4BCD-9F03-64C4E55E974F} = {2B0BC648-CEF7-4081-873C-70D36A1F91B1}
		{9CBEDCD6-DCF4-470C-89FA-18BB90AB30DB} = {2B0BC648-CEF7-4081-873C-70D36A1F91B1}
		{F221BAFC-74C9-449E-91C6-0DB5DAE1D71D} = {72C6DB77-BDFA-4BCD-9F03-64C4E55E974F}
		{6F484305-C867-4D2E-9FEE-7D3636341C83} = {2B0BC648-CEF7-4081-873C-70D36A1F91B1}
		{DB81397D-B457-4794-9290-8DD66E7A6F52} = {6F484305-C867-4D2E-9FEE-7D3636341C83}
		{05D33B24-0B9A-479D-88BA-B3CE0E56B8DE} = {6F484305-C867-4D2E-9FEE-7D3636341C83}
		{92EC0DB6-291E-4427-B073-0C53EBEC38D4} = {3D0430D6-2547-43B7-AD36-2459FA030449}
		{20CB0199-B8A6-4234-8CB8-600A96BBF2CA} = {3D0430D6-2547-43B7-AD36-2459FA030449}
		{EF7EF81E-BD9A-4C9E-9FD6-7A19A52B177A} = {3D0430D6-2547-43B7-AD36-2459FA030449}
		{6EFD90C6-BBB5-4091-8395-9BE3723F8472} = {F8FFCD29-A5DA-467C-AC94-1EE1E0B6CEB0}
		{53F453DA-CEC6-4D4D-A01A-9AA9A1E7C4D6} = {6EFD90C6-BBB5-4091-8395-9BE3723F8472}
		{93A98B0C-DBA0-43E3-A91E-524E661FA7D1} = {6EFD90C6-BBB5-4091-8395-9BE3723F8472}
		{7B6728C9-CCBA-4DF8-B088-573A3B9E46DD} = {6EFD90C6-BBB5-4091-8395-9BE3723F8472}
		{66E5869B-02B5-49A2-AEBF-3E50CD6AEBC3} = {578FB5ED-562F-4B5D-9287-172886968D07}
		{BC33869C-20A4-4F43-8ADE-C10288808770} = {66E5869B-02B5-49A2-AEBF-3E50CD6AEBC3}
		{B6394182-85B1-4F9C-99E2-265BFCBA05A2} = {66E5869B-02B5-49A2-AEBF-3E50CD6AEBC3}
		{4C7CEBB3-999A-4E8A-8539-3966D13B5CE1} = {66E5869B-02B5-49A2-AEBF-3E50CD6AEBC3}
		{330FE790-D678-41EE-9826-1A257A22AAAC} = {66E5869B-02B5-49A2-AEBF-3E50CD6AEBC3}
		{46ADADBD-A88D-4054-9084-E1DC2185173F} = {66E5869B-02B5-49A2-AEBF-3E50CD6AEBC3}
		{8384175E-E86E-49EB-9F90-DE96E2793E84} = {578FB5ED-562F-4B5D-9287-172886968D07}
		{DBC53FAB-49DF-4DC6-A301-C1321FC8E73F} = {8384175E-E86E-49EB-9F90-DE96E2793E84}
		{AC467B96-91CF-41EA-96BD-0AF35E40AC54} = {DBC53FAB-49DF-4DC6-A301-C1321FC8E73F}
		{482D08C6-569E-4ACD-AABA-D0749F9F2F19} = {DBC53FAB-49DF-4DC6-A301-C1321FC8E73F}
		{15F1B212-69D5-4945-B533-AEE976778A14} = {DBC53FAB-49DF-4DC6-A301-C1321FC8E73F}
		{755B85C9-EFBD-4F8E-B271-51260A72C726} = {DBC53FAB-49DF-4DC6-A301-C1321FC8E73F}
		{36977F74-1422-41BB-BDFB-6BB390E6C22E} = {59505334-ED95-41D3-97B7-85A95C7925FF}
		{5BF0FA07-B9E7-4F37-A145-0698B8E597D6} = {59505334-ED95-41D3-97B7-85A95C7925FF}
		{BF3561CC-D162-49E5-85A0-FBBCC0E36F2E} = {59505334-ED95-41D3-97B7-85A95C7925FF}
		{9491E1BA-019B-4404-8ED3-C57CEAFC4A8F} = {96F599DE-7E78-41F4-9B5A-5E1DE474D8B2}
		{EC403E01-1C9A-45DD-BB7C-E0AD3D93CEC1} = {96F599DE-7E78-41F4-9B5A-5E1DE474D8B2}
		{525A2A07-1AB2-41B4-B521-79A08EB37580} = {96F599DE-7E78-41F4-9B5A-5E1DE474D8B2}
		{0EC1DE2F-1108-4BFD-B864-032DC02BB8A0} = {729B1620-1810-42A7-B2A2-BA56DACD4C6E}
		{F5274EC7-87E4-40D8-A61A-BBB204319F7D} = {0EC1DE2F-1108-4BFD-B864-032DC02BB8A0}
		{2F6049A0-BACB-4017-B22B-29377113F2DD} = {0EC1DE2F-1108-4BFD-B864-032DC02BB8A0}
		{053BA127-B935-4D5F-A861-3F39F3E2313B} = {0EC1DE2F-1108-4BFD-B864-032DC02BB8A0}
		{49F0712C-B9EE-4F2B-9ABD-317E75F8880F} = {578FB5ED-562F-4B5D-9287-172886968D07}
		{769E7D28-507D-4599-A468-2C1DB1E721C0} = {49F0712C-B9EE-4F2B-9ABD-317E75F8880F}
		{0A93A71E-85AD-4580-B359-25E34BBF96AB} = {769E7D28-507D-4599-A468-2C1DB1E721C0}
		{85D51747-4F1D-4ECC-9413-7AD903CE37CF} = {769E7D28-507D-4599-A468-2C1DB1E721C0}
		{5141086D-EA89-4A69-8C85-9A61FF9714F1} = {769E7D28-507D-4599-A468-2C1DB1E721C0}
		{4C54E204-9F69-4529-832D-5C56412EC9FC} = {D7AEB4FE-6BA7-4AC7-B1DC-3086B4292E74}
		{C92B5C24-9FAC-4008-9AB0-8F6E1F67DA95} = {4C54E204-9F69-4529-832D-5C56412EC9FC}
		{5199CF14-3EBA-4DDF-AD0D-65B4819B4D7A} = {4C54E204-9F69-4529-832D-5C56412EC9FC}
		{0AE2F268-9DD9-49D4-AE6F-4362D3BA889D} = {4C54E204-9F69-4529-832D-5C56412EC9FC}
		{C80D7A7D-A737-4685-8620-88E36D13E712} = {4C54E204-9F69-4529-832D-5C56412EC9FC}
		{BDEAE7CA-6822-4877-A892-18612AFC851A} = {66E5869B-02B5-49A2-AEBF-3E50CD6AEBC3}
		{074CE488-32E0-474F-AB6F-1E9EF29C1144} = {0EC1DE2F-1108-4BFD-B864-032DC02BB8A0}
		{24736FF3-0930-4A3B-8782-EE717CEDC5BF} = {ED26EBE3-34A5-4C8A-9A11-778E2AD064DF}
		{B4AB7DDD-D776-4ABD-943E-C5BA53FD9C9D} = {ED26EBE3-34A5-4C8A-9A11-778E2AD064DF}
		{AD4DCBFB-217E-4DD0-972F-ADEF7C9EB056} = {66E5869B-02B5-49A2-AEBF-3E50CD6AEBC3}
		{67A4DC94-B761-4DBF-81A6-95546DCB8144} = {66E5869B-02B5-49A2-AEBF-3E50CD6AEBC3}
	EndGlobalSection
	GlobalSection(ExtensibilityGlobals) = postSolution
		SolutionGuid = {E5EFC193-1AF8-44E6-8937-00A6F709052A}
	EndGlobalSection
EndGlobal
